// !$*UTF8*$!
{
	archiveVersion = 1;
	classes = {
	};
	objectVersion = 46;
	objects = {

/* Begin PBXBuildFile section */
		9E391D211B23ABC400B6C568 /* AppDelegate.swift in Sources */ = {isa = PBXBuildFile; fileRef = 9E391D201B23ABC400B6C568 /* AppDelegate.swift */; };
		9E391D231B23ABC400B6C568 /* ViewController.swift in Sources */ = {isa = PBXBuildFile; fileRef = 9E391D221B23ABC400B6C568 /* ViewController.swift */; };
		9E391D371B23ABC400B6C568 /* Train_TrackTests.swift in Sources */ = {isa = PBXBuildFile; fileRef = 9E391D361B23ABC400B6C568 /* Train_TrackTests.swift */; };
		9E391D421B23AD7400B6C568 /* Main.storyboard in Resources */ = {isa = PBXBuildFile; fileRef = 9E391D401B23AD7400B6C568 /* Main.storyboard */; };
		9E391D451B23AD8700B6C568 /* LaunchScreen.xib in Resources */ = {isa = PBXBuildFile; fileRef = 9E391D431B23AD8700B6C568 /* LaunchScreen.xib */; };
		9E48A5261BB0E77F00203E91 /* Images.xcassets in Resources */ = {isa = PBXBuildFile; fileRef = 9E48A5251BB0E77F00203E91 /* Images.xcassets */; settings = {ASSET_TAGS = (); }; };
		9E72B2611BA4B5EF006F65CA /* horn2.wav in Resources */ = {isa = PBXBuildFile; fileRef = 9E72B2601BA4B5EF006F65CA /* horn2.wav */; };
		9E72B2691BA8FC92006F65CA /* buzza.wav in Resources */ = {isa = PBXBuildFile; fileRef = 9E72B2681BA8FC92006F65CA /* buzza.wav */; };
		9EBFF5B71B23FA26003C39DA /* ContactViewController.swift in Sources */ = {isa = PBXBuildFile; fileRef = 9EBFF5B61B23FA26003C39DA /* ContactViewController.swift */; };
/* End PBXBuildFile section */

/* Begin PBXContainerItemProxy section */
		9E391D311B23ABC400B6C568 /* PBXContainerItemProxy */ = {
			isa = PBXContainerItemProxy;
			containerPortal = 9E391D131B23ABC400B6C568 /* Project object */;
			proxyType = 1;
			remoteGlobalIDString = 9E391D1A1B23ABC400B6C568;
			remoteInfo = "Train Track";
		};
/* End PBXContainerItemProxy section */

/* Begin PBXFileReference section */
		9E391D1B1B23ABC400B6C568 /* Train Track.app */ = {isa = PBXFileReference; explicitFileType = wrapper.application; includeInIndex = 0; path = "Train Track.app"; sourceTree = BUILT_PRODUCTS_DIR; };
		9E391D1F1B23ABC400B6C568 /* Info.plist */ = {isa = PBXFileReference; lastKnownFileType = text.plist.xml; path = Info.plist; sourceTree = "<group>"; };
		9E391D201B23ABC400B6C568 /* AppDelegate.swift */ = {isa = PBXFileReference; lastKnownFileType = sourcecode.swift; path = AppDelegate.swift; sourceTree = "<group>"; };
		9E391D221B23ABC400B6C568 /* ViewController.swift */ = {isa = PBXFileReference; lastKnownFileType = sourcecode.swift; path = ViewController.swift; sourceTree = "<group>"; };
		9E391D301B23ABC400B6C568 /* Train TrackTests.xctest */ = {isa = PBXFileReference; explicitFileType = wrapper.cfbundle; includeInIndex = 0; path = "Train TrackTests.xctest"; sourceTree = BUILT_PRODUCTS_DIR; };
		9E391D351B23ABC400B6C568 /* Info.plist */ = {isa = PBXFileReference; lastKnownFileType = text.plist.xml; path = Info.plist; sourceTree = "<group>"; };
		9E391D361B23ABC400B6C568 /* Train_TrackTests.swift */ = {isa = PBXFileReference; lastKnownFileType = sourcecode.swift; path = Train_TrackTests.swift; sourceTree = "<group>"; };
		9E391D411B23AD7400B6C568 /* Base */ = {isa = PBXFileReference; lastKnownFileType = file.storyboard; name = Base; path = "../../Tix 2 Ryde/Tix 2 Ryde/Base.lproj/Main.storyboard"; sourceTree = "<group>"; };
		9E391D441B23AD8700B6C568 /* Base */ = {isa = PBXFileReference; lastKnownFileType = file.xib; name = Base; path = "../../Tix 2 Ryde/Tix 2 Ryde/Base.lproj/LaunchScreen.xib"; sourceTree = "<group>"; };
		9E48A5251BB0E77F00203E91 /* Images.xcassets */ = {isa = PBXFileReference; lastKnownFileType = folder.assetcatalog; name = Images.xcassets; path = ../../../.Trash/Images.xcassets; sourceTree = "<group>"; };
		9E72B2601BA4B5EF006F65CA /* horn2.wav */ = {isa = PBXFileReference; lastKnownFileType = audio.wav; name = horn2.wav; path = ../../../Desktop/horn2.wav; sourceTree = "<group>"; };
		9E72B2681BA8FC92006F65CA /* buzza.wav */ = {isa = PBXFileReference; lastKnownFileType = audio.wav; name = buzza.wav; path = ../../../Desktop/buzza.wav; sourceTree = "<group>"; };
		9EBFF5B61B23FA26003C39DA /* ContactViewController.swift */ = {isa = PBXFileReference; fileEncoding = 4; lastKnownFileType = sourcecode.swift; path = ContactViewController.swift; sourceTree = "<group>"; };
/* End PBXFileReference section */

/* Begin PBXFrameworksBuildPhase section */
		9E391D181B23ABC400B6C568 /* Frameworks */ = {
			isa = PBXFrameworksBuildPhase;
			buildActionMask = 2147483647;
			files = (
			);
			runOnlyForDeploymentPostprocessing = 0;
		};
		9E391D2D1B23ABC400B6C568 /* Frameworks */ = {
			isa = PBXFrameworksBuildPhase;
			buildActionMask = 2147483647;
			files = (
			);
			runOnlyForDeploymentPostprocessing = 0;
		};
/* End PBXFrameworksBuildPhase section */

/* Begin PBXGroup section */
		9E391D121B23ABC400B6C568 = {
			isa = PBXGroup;
			children = (
				9E391D1D1B23ABC400B6C568 /* Train Track */,
				9E391D331B23ABC400B6C568 /* Train TrackTests */,
				9E391D1C1B23ABC400B6C568 /* Products */,
			);
			sourceTree = "<group>";
		};
		9E391D1C1B23ABC400B6C568 /* Products */ = {
			isa = PBXGroup;
			children = (
				9E391D1B1B23ABC400B6C568 /* Train Track.app */,
				9E391D301B23ABC400B6C568 /* Train TrackTests.xctest */,
			);
			name = Products;
			sourceTree = "<group>";
		};
		9E391D1D1B23ABC400B6C568 /* Train Track */ = {
			isa = PBXGroup;
			children = (
				9E72B2601BA4B5EF006F65CA /* horn2.wav */,
				9E72B2681BA8FC92006F65CA /* buzza.wav */,
				9E391D201B23ABC400B6C568 /* AppDelegate.swift */,
				9E391D221B23ABC400B6C568 /* ViewController.swift */,
				9EBFF5B61B23FA26003C39DA /* ContactViewController.swift */,
				9E391D401B23AD7400B6C568 /* Main.storyboard */,
				9E391D431B23AD8700B6C568 /* LaunchScreen.xib */,
				9E391D1E1B23ABC400B6C568 /* Supporting Files */,
			);
			path = "Train Track";
			sourceTree = "<group>";
		};
		9E391D1E1B23ABC400B6C568 /* Supporting Files */ = {
			isa = PBXGroup;
			children = (
				9E48A5251BB0E77F00203E91 /* Images.xcassets */,
				9E391D1F1B23ABC400B6C568 /* Info.plist */,
			);
			name = "Supporting Files";
			sourceTree = "<group>";
		};
		9E391D331B23ABC400B6C568 /* Train TrackTests */ = {
			isa = PBXGroup;
			children = (
				9E391D361B23ABC400B6C568 /* Train_TrackTests.swift */,
				9E391D341B23ABC400B6C568 /* Supporting Files */,
			);
			path = "Train TrackTests";
			sourceTree = "<group>";
		};
		9E391D341B23ABC400B6C568 /* Supporting Files */ = {
			isa = PBXGroup;
			children = (
				9E391D351B23ABC400B6C568 /* Info.plist */,
			);
			name = "Supporting Files";
			sourceTree = "<group>";
		};
/* End PBXGroup section */

/* Begin PBXNativeTarget section */
		9E391D1A1B23ABC400B6C568 /* Train Track */ = {
			isa = PBXNativeTarget;
			buildConfigurationList = 9E391D3A1B23ABC400B6C568 /* Build configuration list for PBXNativeTarget "Train Track" */;
			buildPhases = (
				9E391D171B23ABC400B6C568 /* Sources */,
				9E391D181B23ABC400B6C568 /* Frameworks */,
				9E391D191B23ABC400B6C568 /* Resources */,
			);
			buildRules = (
			);
			dependencies = (
			);
			name = "Train Track";
			productName = "Train Track";
			productReference = 9E391D1B1B23ABC400B6C568 /* Train Track.app */;
			productType = "com.apple.product-type.application";
		};
		9E391D2F1B23ABC400B6C568 /* Train TrackTests */ = {
			isa = PBXNativeTarget;
			buildConfigurationList = 9E391D3D1B23ABC400B6C568 /* Build configuration list for PBXNativeTarget "Train TrackTests" */;
			buildPhases = (
				9E391D2C1B23ABC400B6C568 /* Sources */,
				9E391D2D1B23ABC400B6C568 /* Frameworks */,
				9E391D2E1B23ABC400B6C568 /* Resources */,
			);
			buildRules = (
			);
			dependencies = (
				9E391D321B23ABC400B6C568 /* PBXTargetDependency */,
			);
			name = "Train TrackTests";
			productName = "Train TrackTests";
			productReference = 9E391D301B23ABC400B6C568 /* Train TrackTests.xctest */;
			productType = "com.apple.product-type.bundle.unit-test";
		};
/* End PBXNativeTarget section */

/* Begin PBXProject section */
		9E391D131B23ABC400B6C568 /* Project object */ = {
			isa = PBXProject;
			attributes = {
				LastSwiftMigration = 0700;
				LastSwiftUpdateCheck = 0700;
				LastUpgradeCheck = 0630;
				ORGANIZATIONNAME = "Andrew Mathena";
				TargetAttributes = {
					9E391D1A1B23ABC400B6C568 = {
						CreatedOnToolsVersion = 6.3.1;
						DevelopmentTeam = 6EBXTUVJ28;
					};
					9E391D2F1B23ABC400B6C568 = {
						CreatedOnToolsVersion = 6.3.1;
						TestTargetID = 9E391D1A1B23ABC400B6C568;
					};
				};
			};
			buildConfigurationList = 9E391D161B23ABC400B6C568 /* Build configuration list for PBXProject "Train Track" */;
			compatibilityVersion = "Xcode 3.2";
			developmentRegion = English;
			hasScannedForEncodings = 0;
			knownRegions = (
				en,
				Base,
			);
			mainGroup = 9E391D121B23ABC400B6C568;
			productRefGroup = 9E391D1C1B23ABC400B6C568 /* Products */;
			projectDirPath = "";
			projectRoot = "";
			targets = (
				9E391D1A1B23ABC400B6C568 /* Train Track */,
				9E391D2F1B23ABC400B6C568 /* Train TrackTests */,
			);
		};
/* End PBXProject section */

/* Begin PBXResourcesBuildPhase section */
		9E391D191B23ABC400B6C568 /* Resources */ = {
			isa = PBXResourcesBuildPhase;
			buildActionMask = 2147483647;
			files = (
				9E72B2611BA4B5EF006F65CA /* horn2.wav in Resources */,
				9E48A5261BB0E77F00203E91 /* Images.xcassets in Resources */,
				9E391D421B23AD7400B6C568 /* Main.storyboard in Resources */,
				9E391D451B23AD8700B6C568 /* LaunchScreen.xib in Resources */,
				9E72B2691BA8FC92006F65CA /* buzza.wav in Resources */,
			);
			runOnlyForDeploymentPostprocessing = 0;
		};
		9E391D2E1B23ABC400B6C568 /* Resources */ = {
			isa = PBXResourcesBuildPhase;
			buildActionMask = 2147483647;
			files = (
			);
			runOnlyForDeploymentPostprocessing = 0;
		};
/* End PBXResourcesBuildPhase section */

/* Begin PBXSourcesBuildPhase section */
		9E391D171B23ABC400B6C568 /* Sources */ = {
			isa = PBXSourcesBuildPhase;
			buildActionMask = 2147483647;
			files = (
				9E391D231B23ABC400B6C568 /* ViewController.swift in Sources */,
				9E391D211B23ABC400B6C568 /* AppDelegate.swift in Sources */,
				9EBFF5B71B23FA26003C39DA /* ContactViewController.swift in Sources */,
			);
			runOnlyForDeploymentPostprocessing = 0;
		};
		9E391D2C1B23ABC400B6C568 /* Sources */ = {
			isa = PBXSourcesBuildPhase;
			buildActionMask = 2147483647;
			files = (
				9E391D371B23ABC400B6C568 /* Train_TrackTests.swift in Sources */,
			);
			runOnlyForDeploymentPostprocessing = 0;
		};
/* End PBXSourcesBuildPhase section */

/* Begin PBXTargetDependency section */
		9E391D321B23ABC400B6C568 /* PBXTargetDependency */ = {
			isa = PBXTargetDependency;
			target = 9E391D1A1B23ABC400B6C568 /* Train Track */;
			targetProxy = 9E391D311B23ABC400B6C568 /* PBXContainerItemProxy */;
		};
/* End PBXTargetDependency section */

/* Begin PBXVariantGroup section */
		9E391D401B23AD7400B6C568 /* Main.storyboard */ = {
			isa = PBXVariantGroup;
			children = (
				9E391D411B23AD7400B6C568 /* Base */,
			);
			name = Main.storyboard;
			sourceTree = "<group>";
		};
		9E391D431B23AD8700B6C568 /* LaunchScreen.xib */ = {
			isa = PBXVariantGroup;
			children = (
				9E391D441B23AD8700B6C568 /* Base */,
			);
			name = LaunchScreen.xib;
			sourceTree = "<group>";
		};
/* End PBXVariantGroup section */

/* Begin XCBuildConfiguration section */
		9E391D381B23ABC400B6C568 /* Debug */ = {
			isa = XCBuildConfiguration;
			buildSettings = {
				ALWAYS_SEARCH_USER_PATHS = NO;
				CLANG_CXX_LANGUAGE_STANDARD = "gnu++0x";
				CLANG_CXX_LIBRARY = "libc++";
				CLANG_ENABLE_MODULES = YES;
				CLANG_ENABLE_OBJC_ARC = YES;
				CLANG_WARN_BOOL_CONVERSION = YES;
				CLANG_WARN_CONSTANT_CONVERSION = YES;
				CLANG_WARN_DIRECT_OBJC_ISA_USAGE = YES_ERROR;
				CLANG_WARN_EMPTY_BODY = YES;
				CLANG_WARN_ENUM_CONVERSION = YES;
				CLANG_WARN_INT_CONVERSION = YES;
				CLANG_WARN_OBJC_ROOT_CLASS = YES_ERROR;
				CLANG_WARN_UNREACHABLE_CODE = YES;
				CLANG_WARN__DUPLICATE_METHOD_MATCH = YES;
				"CODE_SIGN_IDENTITY[sdk=iphoneos*]" = "iPhone Developer";
				COPY_PHASE_STRIP = NO;
				DEBUG_INFORMATION_FORMAT = "dwarf-with-dsym";
				ENABLE_STRICT_OBJC_MSGSEND = YES;
				GCC_C_LANGUAGE_STANDARD = gnu99;
				GCC_DYNAMIC_NO_PIC = NO;
				GCC_NO_COMMON_BLOCKS = YES;
				GCC_OPTIMIZATION_LEVEL = 0;
				GCC_PREPROCESSOR_DEFINITIONS = (
					"DEBUG=1",
					"$(inherited)",
				);
				GCC_SYMBOLS_PRIVATE_EXTERN = NO;
				GCC_WARN_64_TO_32_BIT_CONVERSION = YES;
				GCC_WARN_ABOUT_RETURN_TYPE = YES_ERROR;
				GCC_WARN_UNDECLARED_SELECTOR = YES;
				GCC_WARN_UNINITIALIZED_AUTOS = YES_AGGRESSIVE;
				GCC_WARN_UNUSED_FUNCTION = YES;
				GCC_WARN_UNUSED_VARIABLE = YES;
				IPHONEOS_DEPLOYMENT_TARGET = 8.3;
				MTL_ENABLE_DEBUG_INFO = YES;
				ONLY_ACTIVE_ARCH = YES;
				SDKROOT = iphoneos;
				SWIFT_OPTIMIZATION_LEVEL = "-Onone";
			};
			name = Debug;
		};
		9E391D391B23ABC400B6C568 /* Release */ = {
			isa = XCBuildConfiguration;
			buildSettings = {
				ALWAYS_SEARCH_USER_PATHS = NO;
				CLANG_CXX_LANGUAGE_STANDARD = "gnu++0x";
				CLANG_CXX_LIBRARY = "libc++";
				CLANG_ENABLE_MODULES = YES;
				CLANG_ENABLE_OBJC_ARC = YES;
				CLANG_WARN_BOOL_CONVERSION = YES;
				CLANG_WARN_CONSTANT_CONVERSION = YES;
				CLANG_WARN_DIRECT_OBJC_ISA_USAGE = YES_ERROR;
				CLANG_WARN_EMPTY_BODY = YES;
				CLANG_WARN_ENUM_CONVERSION = YES;
				CLANG_WARN_INT_CONVERSION = YES;
				CLANG_WARN_OBJC_ROOT_CLASS = YES_ERROR;
				CLANG_WARN_UNREACHABLE_CODE = YES;
				CLANG_WARN__DUPLICATE_METHOD_MATCH = YES;
				"CODE_SIGN_IDENTITY[sdk=iphoneos*]" = "iPhone Developer";
				COPY_PHASE_STRIP = NO;
				DEBUG_INFORMATION_FORMAT = "dwarf-with-dsym";
				ENABLE_NS_ASSERTIONS = NO;
				ENABLE_STRICT_OBJC_MSGSEND = YES;
				GCC_C_LANGUAGE_STANDARD = gnu99;
				GCC_NO_COMMON_BLOCKS = YES;
				GCC_WARN_64_TO_32_BIT_CONVERSION = YES;
				GCC_WARN_ABOUT_RETURN_TYPE = YES_ERROR;
				GCC_WARN_UNDECLARED_SELECTOR = YES;
				GCC_WARN_UNINITIALIZED_AUTOS = YES_AGGRESSIVE;
				GCC_WARN_UNUSED_FUNCTION = YES;
				GCC_WARN_UNUSED_VARIABLE = YES;
				IPHONEOS_DEPLOYMENT_TARGET = 8.3;
				MTL_ENABLE_DEBUG_INFO = NO;
				SDKROOT = iphoneos;
				VALIDATE_PRODUCT = YES;
			};
			name = Release;
		};
		9E391D3B1B23ABC400B6C568 /* Debug */ = {
			isa = XCBuildConfiguration;
			buildSettings = {
				ASSETCATALOG_COMPILER_APPICON_NAME = AppIcon;
				CODE_SIGN_IDENTITY = "iPhone Developer";
				"CODE_SIGN_IDENTITY[sdk=iphoneos*]" = "iPhone Developer";
				INFOPLIST_FILE = "Train Track/Info.plist";
				IPHONEOS_DEPLOYMENT_TARGET = 9.0;
				LD_RUNPATH_SEARCH_PATHS = "$(inherited) @executable_path/Frameworks";
				PRODUCT_NAME = "$(TARGET_NAME)";
				PROVISIONING_PROFILE = "";
			};
			name = Debug;
		};
		9E391D3C1B23ABC400B6C568 /* Release */ = {
			isa = XCBuildConfiguration;
			buildSettings = {
				ASSETCATALOG_COMPILER_APPICON_NAME = AppIcon;
				CODE_SIGN_IDENTITY = "iPhone Developer";
				"CODE_SIGN_IDENTITY[sdk=iphoneos*]" = "iPhone Developer";
				INFOPLIST_FILE = "Train Track/Info.plist";
				IPHONEOS_DEPLOYMENT_TARGET = 9.0;
				LD_RUNPATH_SEARCH_PATHS = "$(inherited) @executable_path/Frameworks";
				PRODUCT_NAME = "$(TARGET_NAME)";
				PROVISIONING_PROFILE = "";
			};
			name = Release;
		};
		9E391D3E1B23ABC400B6C568 /* Debug */ = {
			isa = XCBuildConfiguration;
			buildSettings = {
				BUNDLE_LOADER = "$(TEST_HOST)";
				FRAMEWORK_SEARCH_PATHS = (
					"$(SDKROOT)/Developer/Library/Frameworks",
					"$(inherited)",
				);
				GCC_PREPROCESSOR_DEFINITIONS = (
					"DEBUG=1",
					"$(inherited)",
				);
				INFOPLIST_FILE = "Train TrackTests/Info.plist";
				LD_RUNPATH_SEARCH_PATHS = "$(inherited) @executable_path/Frameworks @loader_path/Frameworks";
				PRODUCT_NAME = "$(TARGET_NAME)";
				TEST_HOST = "$(BUILT_PRODUCTS_DIR)/Train Track.app/Train Track";
			};
			name = Debug;
		};
		9E391D3F1B23ABC400B6C568 /* Release */ = {
			isa = XCBuildConfiguration;
			buildSettings = {
				BUNDLE_LOADER = "$(TEST_HOST)";
				FRAMEWORK_SEARCH_PATHS = (
					"$(SDKROOT)/Developer/Library/Frameworks",
					"$(inherited)",
				);
				INFOPLIST_FILE = "Train TrackTests/Info.plist";
				LD_RUNPATH_SEARCH_PATHS = "$(inherited) @executable_path/Frameworks @loader_path/Frameworks";
				PRODUCT_NAME = "$(TARGET_NAME)";
				TEST_HOST = "$(BUILT_PRODUCTS_DIR)/Train Track.app/Train Track";
			};
			name = Release;
		};
/* End XCBuildConfiguration section */

/* Begin XCConfigurationList section */
		9E391D161B23ABC400B6C568 /* Build configuration list for PBXProject "Train Track" */ = {
			isa = XCConfigurationList;
			buildConfigurations = (
				9E391D381B23ABC400B6C568 /* Debug */,
				9E391D391B23ABC400B6C568 /* Release */,
			);
			defaultConfigurationIsVisible = 0;
			defaultConfigurationName = Release;
		};
		9E391D3A1B23ABC400B6C568 /* Build configuration list for PBXNativeTarget "Train Track" */ = {
			isa = XCConfigurationList;
			buildConfigurations = (
				9E391D3B1B23ABC400B6C568 /* Debug */,
				9E391D3C1B23ABC400B6C568 /* Release */,
			);
			defaultConfigurationIsVisible = 0;
			defaultConfigurationName = Release;
		};
		9E391D3D1B23ABC400B6C568 /* Build configuration list for PBXNativeTarget "Train TrackTests" */ = {
			isa = XCConfigurationList;
			buildConfigurations = (
				9E391D3E1B23ABC400B6C568 /* Debug */,
				9E391D3F1B23ABC400B6C568 /* Release */,
			);
			defaultConfigurationIsVisible = 0;
			defaultConfigurationName = Release;
		};
/* End XCConfigurationList section */
	};
	rootObject = 9E391D131B23ABC400B6C568 /* Project object */;
}
